
Microsoft Visual Studio Solution File, Format Version 12.00
# Visual Studio Version 17
VisualStudioVersion = 17.4.33213.308
MinimumVisualStudioVersion = 10.0.40219.1
Project("{FAE04EC0-301F-11D3-BF4B-00C04F79EFBC}") = "swappin", "swappin\swappin.csproj", "{27185566-CB4E-48A5-A33E-E2BB31E17141}"
EndProject
Global
	GlobalSection(SolutionConfigurationPlatforms) = preSolution
		Debug|Any CPU = Debug|Any CPU
		Release|Any CPU = Release|Any CPU
	EndGlobalSection
	GlobalSection(ProjectConfigurationPlatforms) = postSolution
		{27185566-CB4E-48A5-A33E-E2BB31E17141}.Debug|Any CPU.ActiveCfg = Debug|Any CPU
		{27185566-CB4E-48A5-A33E-E2BB31E17141}.Debug|Any CPU.Build.0 = Debug|Any CPU
		{27185566-CB4E-48A5-A33E-E2BB31E17141}.Release|Any CPU.ActiveCfg = Release|Any CPU
		{27185566-CB4E-48A5-A33E-E2BB31E17141}.Release|Any CPU.Build.0 = Release|Any CPU
	EndGlobalSection
	GlobalSection(SolutionProperties) = preSolution
		HideSolutionNode = FALSE
	EndGlobalSection
	GlobalSection(ExtensibilityGlobals) = postSolution
		SolutionGuid = {EE144A8C-3B60-4AC6-8015-CF9DA2839AE6}
	EndGlobalSection
EndGlobal
